<?xml version="1.0" encoding="utf-8"?>
<Project ToolsVersion="4.0" xmlns="http://schemas.microsoft.com/developer/msbuild/2003">
  <ItemGroup>
    <Filter Include="Source files">
      <UniqueIdentifier>{211fa899-1d6c-4f6e-8cb2-6a950349f534}</UniqueIdentifier>
      <Extensions>cpp;c;cc;cxx;def;odl;idl;hpj;bat;asm;asmx</Extensions>
    </Filter>
    <Filter Include="Resource files">
      <UniqueIdentifier>{2d763d9e-5530-48fe-96cf-9b8556ccd024}</UniqueIdentifier>
      <Extensions>rc;ico;cur;bmp;dlg;rc2;rct;bin;rgs;gif;jpg;jpeg;jpe;resx;tiff;tif;png;wav</Extensions>
    </Filter>
    <Filter Include="Header files">
      <UniqueIdentifier>{3dd4c735-2942-4764-9cf4-70ce7422ffe4}</UniqueIdentifier>
      <Extensions>h;hpp;hxx;hm;inl;inc;xsd</Extensions>
    </Filter>
  </ItemGroup>
  <ItemGroup>
    <ClInclude Include="buildnumber.h">
      <Filter>Header files</Filter>
    </ClInclude>
    <ClInclude Include="drvcommon.h">
      <Filter>Header files</Filter>
    </ClInclude>
    <ClInclude Include="drvversion.h">
      <Filter>Header files</Filter>
    </ClInclude>
    <ClInclude Include="FileEncrypt.h">
      <Filter>Header files</Filter>
    </ClInclude>
    <ClInclude Include="tools.h">
      <Filter>Header files</Filter>
    </ClInclude>
  </ItemGroup>
  <ItemGroup>
    <ResourceCompile Include="drvversion.rc">
      <Filter>Resource files</Filter>
    </ResourceCompile>
  </ItemGroup>
  <ItemGroup>
    <ClCompile Include="tools.cpp">
      <Filter>Source files</Filter>
    </ClCompile>
    <ClCompile Include="FileMonitor.cpp">
      <Filter>Source files</Filter>
    </ClCompile>
  </ItemGroup>
  <ItemGroup>
    <None Include="makefile" />
    <None Include="sources" />
  </ItemGroup>
</Project>